// !$*UTF8*$!
{
	archiveVersion = 1;
	classes = {
	};
	objectVersion = 46;
	objects = {

/* Begin PBXBuildFile section */
		04B7BB2D1CF7E86300312AB0 /* UIImage+QRCode.m in Sources */ = {isa = PBXBuildFile; fileRef = 04B7BB2C1CF7E86300312AB0 /* UIImage+QRCode.m */; };
		04B7BB2E1CF7E86300312AB0 /* UIImage+QRCode.m in Sources */ = {isa = PBXBuildFile; fileRef = 04B7BB2C1CF7E86300312AB0 /* UIImage+QRCode.m */; };
		04B7BB2F1CF7E86300312AB0 /* UIImage+QRCode.m in Sources */ = {isa = PBXBuildFile; fileRef = 04B7BB2C1CF7E86300312AB0 /* UIImage+QRCode.m */; };
		04B7BB311CF7EB9600312AB0 /* smallIcon.png in Resources */ = {isa = PBXBuildFile; fileRef = 04B7BB301CF7EB9600312AB0 /* smallIcon.png */; };
		04B7BB321CF7EB9600312AB0 /* smallIcon.png in Resources */ = {isa = PBXBuildFile; fileRef = 04B7BB301CF7EB9600312AB0 /* smallIcon.png */; };
		04B7BB331CF7EB9600312AB0 /* smallIcon.png in Resources */ = {isa = PBXBuildFile; fileRef = 04B7BB301CF7EB9600312AB0 /* smallIcon.png */; };
		04F2B1111CF4223B004B1460 /* main.m in Sources */ = {isa = PBXBuildFile; fileRef = 04F2B1101CF4223B004B1460 /* main.m */; };
		04F2B1141CF4223B004B1460 /* AppDelegate.m in Sources */ = {isa = PBXBuildFile; fileRef = 04F2B1131CF4223B004B1460 /* AppDelegate.m */; };
		04F2B1171CF4223B004B1460 /* ViewController.m in Sources */ = {isa = PBXBuildFile; fileRef = 04F2B1161CF4223B004B1460 /* ViewController.m */; };
		04F2B11A1CF4223B004B1460 /* Main.storyboard in Resources */ = {isa = PBXBuildFile; fileRef = 04F2B1181CF4223B004B1460 /* Main.storyboard */; };
		04F2B11C1CF4223B004B1460 /* Assets.xcassets in Resources */ = {isa = PBXBuildFile; fileRef = 04F2B11B1CF4223B004B1460 /* Assets.xcassets */; };
		04F2B11F1CF4223B004B1460 /* LaunchScreen.storyboard in Resources */ = {isa = PBXBuildFile; fileRef = 04F2B11D1CF4223B004B1460 /* LaunchScreen.storyboard */; };
		04F2B12A1CF4223B004B1460 /* uiDemoTests.m in Sources */ = {isa = PBXBuildFile; fileRef = 04F2B1291CF4223B004B1460 /* uiDemoTests.m */; };
		04F2B1351CF4223B004B1460 /* uiDemoUITests.m in Sources */ = {isa = PBXBuildFile; fileRef = 04F2B1341CF4223B004B1460 /* uiDemoUITests.m */; };
		04F2B1441CF42337004B1460 /* 640X960.png in Resources */ = {isa = PBXBuildFile; fileRef = 04F2B1431CF42337004B1460 /* 640X960.png */; };
		04F2B1451CF42337004B1460 /* 640X960.png in Resources */ = {isa = PBXBuildFile; fileRef = 04F2B1431CF42337004B1460 /* 640X960.png */; };
		04F2B1461CF42337004B1460 /* 640X960.png in Resources */ = {isa = PBXBuildFile; fileRef = 04F2B1431CF42337004B1460 /* 640X960.png */; };
		04F2B1481CF423E6004B1460 /* 3.png in Resources */ = {isa = PBXBuildFile; fileRef = 04F2B1471CF423E6004B1460 /* 3.png */; };
		04F2B1491CF423E6004B1460 /* 3.png in Resources */ = {isa = PBXBuildFile; fileRef = 04F2B1471CF423E6004B1460 /* 3.png */; };
		04F2B14A1CF423E6004B1460 /* 3.png in Resources */ = {isa = PBXBuildFile; fileRef = 04F2B1471CF423E6004B1460 /* 3.png */; };
		04F2B14D1CF424C3004B1460 /* UIHelper.m in Sources */ = {isa = PBXBuildFile; fileRef = 04F2B14C1CF424C3004B1460 /* UIHelper.m */; };
		04F2B14E1CF424C3004B1460 /* UIHelper.m in Sources */ = {isa = PBXBuildFile; fileRef = 04F2B14C1CF424C3004B1460 /* UIHelper.m */; };
		04F2B14F1CF424C3004B1460 /* UIHelper.m in Sources */ = {isa = PBXBuildFile; fileRef = 04F2B14C1CF424C3004B1460 /* UIHelper.m */; };
		04F2B1591CF42C47004B1460 /* Homepage－position.png in Resources */ = {isa = PBXBuildFile; fileRef = 04F2B1501CF42C47004B1460 /* Homepage－position.png */; };
		04F2B15A1CF42C47004B1460 /* Homepage－position.png in Resources */ = {isa = PBXBuildFile; fileRef = 04F2B1501CF42C47004B1460 /* Homepage－position.png */; };
		04F2B15B1CF42C47004B1460 /* Homepage－position.png in Resources */ = {isa = PBXBuildFile; fileRef = 04F2B1501CF42C47004B1460 /* Homepage－position.png */; };
		04F2B15C1CF42C47004B1460 /* Homepage－position@2x.png in Resources */ = {isa = PBXBuildFile; fileRef = 04F2B1511CF42C47004B1460 /* Homepage－position@2x.png */; };
		04F2B15D1CF42C47004B1460 /* Homepage－position@2x.png in Resources */ = {isa = PBXBuildFile; fileRef = 04F2B1511CF42C47004B1460 /* Homepage－position@2x.png */; };
		04F2B15E1CF42C47004B1460 /* Homepage－position@2x.png in Resources */ = {isa = PBXBuildFile; fileRef = 04F2B1511CF42C47004B1460 /* Homepage－position@2x.png */; };
		04F2B15F1CF42C47004B1460 /* Homepage－position@3x.png in Resources */ = {isa = PBXBuildFile; fileRef = 04F2B1521CF42C47004B1460 /* Homepage－position@3x.png */; };
		04F2B1601CF42C47004B1460 /* Homepage－position@3x.png in Resources */ = {isa = PBXBuildFile; fileRef = 04F2B1521CF42C47004B1460 /* Homepage－position@3x.png */; };
		04F2B1611CF42C47004B1460 /* Homepage－position@3x.png in Resources */ = {isa = PBXBuildFile; fileRef = 04F2B1521CF42C47004B1460 /* Homepage－position@3x.png */; };
		04F2B1621CF42C47004B1460 /* Homepage－return.png in Resources */ = {isa = PBXBuildFile; fileRef = 04F2B1531CF42C47004B1460 /* Homepage－return.png */; };
		04F2B1631CF42C47004B1460 /* Homepage－return.png in Resources */ = {isa = PBXBuildFile; fileRef = 04F2B1531CF42C47004B1460 /* Homepage－return.png */; };
		04F2B1641CF42C47004B1460 /* Homepage－return.png in Resources */ = {isa = PBXBuildFile; fileRef = 04F2B1531CF42C47004B1460 /* Homepage－return.png */; };
		04F2B1651CF42C47004B1460 /* Homepage－return@2x.png in Resources */ = {isa = PBXBuildFile; fileRef = 04F2B1541CF42C47004B1460 /* Homepage－return@2x.png */; };
		04F2B1661CF42C47004B1460 /* Homepage－return@2x.png in Resources */ = {isa = PBXBuildFile; fileRef = 04F2B1541CF42C47004B1460 /* Homepage－return@2x.png */; };
		04F2B1671CF42C47004B1460 /* Homepage－return@2x.png in Resources */ = {isa = PBXBuildFile; fileRef = 04F2B1541CF42C47004B1460 /* Homepage－return@2x.png */; };
		04F2B1681CF42C47004B1460 /* Homepage－return@3x.png in Resources */ = {isa = PBXBuildFile; fileRef = 04F2B1551CF42C47004B1460 /* Homepage－return@3x.png */; };
		04F2B1691CF42C47004B1460 /* Homepage－return@3x.png in Resources */ = {isa = PBXBuildFile; fileRef = 04F2B1551CF42C47004B1460 /* Homepage－return@3x.png */; };
		04F2B16A1CF42C47004B1460 /* Homepage－return@3x.png in Resources */ = {isa = PBXBuildFile; fileRef = 04F2B1551CF42C47004B1460 /* Homepage－return@3x.png */; };
		04F2B16B1CF42C47004B1460 /* Homepage－wman.png in Resources */ = {isa = PBXBuildFile; fileRef = 04F2B1561CF42C47004B1460 /* Homepage－wman.png */; };
		04F2B16C1CF42C47004B1460 /* Homepage－wman.png in Resources */ = {isa = PBXBuildFile; fileRef = 04F2B1561CF42C47004B1460 /* Homepage－wman.png */; };
		04F2B16D1CF42C47004B1460 /* Homepage－wman.png in Resources */ = {isa = PBXBuildFile; fileRef = 04F2B1561CF42C47004B1460 /* Homepage－wman.png */; };
		04F2B16E1CF42C47004B1460 /* Homepage－wman@2x.png in Resources */ = {isa = PBXBuildFile; fileRef = 04F2B1571CF42C47004B1460 /* Homepage－wman@2x.png */; };
		04F2B16F1CF42C47004B1460 /* Homepage－wman@2x.png in Resources */ = {isa = PBXBuildFile; fileRef = 04F2B1571CF42C47004B1460 /* Homepage－wman@2x.png */; };
		04F2B1701CF42C47004B1460 /* Homepage－wman@2x.png in Resources */ = {isa = PBXBuildFile; fileRef = 04F2B1571CF42C47004B1460 /* Homepage－wman@2x.png */; };
		04F2B1711CF42C47004B1460 /* Homepage－wman@3x.png in Resources */ = {isa = PBXBuildFile; fileRef = 04F2B1581CF42C47004B1460 /* Homepage－wman@3x.png */; };
		04F2B1721CF42C47004B1460 /* Homepage－wman@3x.png in Resources */ = {isa = PBXBuildFile; fileRef = 04F2B1581CF42C47004B1460 /* Homepage－wman@3x.png */; };
		04F2B1731CF42C47004B1460 /* Homepage－wman@3x.png in Resources */ = {isa = PBXBuildFile; fileRef = 04F2B1581CF42C47004B1460 /* Homepage－wman@3x.png */; };
		04F2B1761CF45FD4004B1460 /* DataHelper.m in Sources */ = {isa = PBXBuildFile; fileRef = 04F2B1751CF45FD4004B1460 /* DataHelper.m */; };
		04F2B1771CF45FD4004B1460 /* DataHelper.m in Sources */ = {isa = PBXBuildFile; fileRef = 04F2B1751CF45FD4004B1460 /* DataHelper.m */; };
		04F2B1781CF45FD4004B1460 /* DataHelper.m in Sources */ = {isa = PBXBuildFile; fileRef = 04F2B1751CF45FD4004B1460 /* DataHelper.m */; };
/* End PBXBuildFile section */

/* Begin PBXContainerItemProxy section */
		04F2B1261CF4223B004B1460 /* PBXContainerItemProxy */ = {
			isa = PBXContainerItemProxy;
			containerPortal = 04F2B1041CF4223B004B1460 /* Project object */;
			proxyType = 1;
			remoteGlobalIDString = 04F2B10B1CF4223B004B1460;
			remoteInfo = uiDemo;
		};
		04F2B1311CF4223B004B1460 /* PBXContainerItemProxy */ = {
			isa = PBXContainerItemProxy;
			containerPortal = 04F2B1041CF4223B004B1460 /* Project object */;
			proxyType = 1;
			remoteGlobalIDString = 04F2B10B1CF4223B004B1460;
			remoteInfo = uiDemo;
		};
/* End PBXContainerItemProxy section */

/* Begin PBXFileReference section */
		04B7BB2B1CF7E86300312AB0 /* UIImage+QRCode.h */ = {isa = PBXFileReference; fileEncoding = 4; lastKnownFileType = sourcecode.c.h; path = "UIImage+QRCode.h"; sourceTree = "<group>"; };
		04B7BB2C1CF7E86300312AB0 /* UIImage+QRCode.m */ = {isa = PBXFileReference; fileEncoding = 4; lastKnownFileType = sourcecode.c.objc; path = "UIImage+QRCode.m"; sourceTree = "<group>"; };
		04B7BB301CF7EB9600312AB0 /* smallIcon.png */ = {isa = PBXFileReference; lastKnownFileType = image.png; path = smallIcon.png; sourceTree = "<group>"; };
		04F2B10C1CF4223B004B1460 /* uiDemo.app */ = {isa = PBXFileReference; explicitFileType = wrapper.application; includeInIndex = 0; path = uiDemo.app; sourceTree = BUILT_PRODUCTS_DIR; };
		04F2B1101CF4223B004B1460 /* main.m */ = {isa = PBXFileReference; lastKnownFileType = sourcecode.c.objc; path = main.m; sourceTree = "<group>"; };
		04F2B1121CF4223B004B1460 /* AppDelegate.h */ = {isa = PBXFileReference; lastKnownFileType = sourcecode.c.h; path = AppDelegate.h; sourceTree = "<group>"; };
		04F2B1131CF4223B004B1460 /* AppDelegate.m */ = {isa = PBXFileReference; lastKnownFileType = sourcecode.c.objc; path = AppDelegate.m; sourceTree = "<group>"; };
		04F2B1151CF4223B004B1460 /* ViewController.h */ = {isa = PBXFileReference; lastKnownFileType = sourcecode.c.h; path = ViewController.h; sourceTree = "<group>"; };
		04F2B1161CF4223B004B1460 /* ViewController.m */ = {isa = PBXFileReference; lastKnownFileType = sourcecode.c.objc; path = ViewController.m; sourceTree = "<group>"; };
		04F2B1191CF4223B004B1460 /* Base */ = {isa = PBXFileReference; lastKnownFileType = file.storyboard; name = Base; path = Base.lproj/Main.storyboard; sourceTree = "<group>"; };
		04F2B11B1CF4223B004B1460 /* Assets.xcassets */ = {isa = PBXFileReference; lastKnownFileType = folder.assetcatalog; path = Assets.xcassets; sourceTree = "<group>"; };
		04F2B11E1CF4223B004B1460 /* Base */ = {isa = PBXFileReference; lastKnownFileType = file.storyboard; name = Base; path = Base.lproj/LaunchScreen.storyboard; sourceTree = "<group>"; };
		04F2B1201CF4223B004B1460 /* Info.plist */ = {isa = PBXFileReference; lastKnownFileType = text.plist.xml; path = Info.plist; sourceTree = "<group>"; };
		04F2B1251CF4223B004B1460 /* uiDemoTests.xctest */ = {isa = PBXFileReference; explicitFileType = wrapper.cfbundle; includeInIndex = 0; path = uiDemoTests.xctest; sourceTree = BUILT_PRODUCTS_DIR; };
		04F2B1291CF4223B004B1460 /* uiDemoTests.m */ = {isa = PBXFileReference; lastKnownFileType = sourcecode.c.objc; path = uiDemoTests.m; sourceTree = "<group>"; };
		04F2B12B1CF4223B004B1460 /* Info.plist */ = {isa = PBXFileReference; lastKnownFileType = text.plist.xml; path = Info.plist; sourceTree = "<group>"; };
		04F2B1301CF4223B004B1460 /* uiDemoUITests.xctest */ = {isa = PBXFileReference; explicitFileType = wrapper.cfbundle; includeInIndex = 0; path = uiDemoUITests.xctest; sourceTree = BUILT_PRODUCTS_DIR; };
		04F2B1341CF4223B004B1460 /* uiDemoUITests.m */ = {isa = PBXFileReference; lastKnownFileType = sourcecode.c.objc; path = uiDemoUITests.m; sourceTree = "<group>"; };
		04F2B1361CF4223B004B1460 /* Info.plist */ = {isa = PBXFileReference; lastKnownFileType = text.plist.xml; path = Info.plist; sourceTree = "<group>"; };
		04F2B1431CF42337004B1460 /* 640X960.png */ = {isa = PBXFileReference; lastKnownFileType = image.png; path = 640X960.png; sourceTree = "<group>"; };
		04F2B1471CF423E6004B1460 /* 3.png */ = {isa = PBXFileReference; lastKnownFileType = image.png; path = 3.png; sourceTree = "<group>"; };
		04F2B14B1CF424C3004B1460 /* UIHelper.h */ = {isa = PBXFileReference; fileEncoding = 4; lastKnownFileType = sourcecode.c.h; path = UIHelper.h; sourceTree = "<group>"; };
		04F2B14C1CF424C3004B1460 /* UIHelper.m */ = {isa = PBXFileReference; fileEncoding = 4; lastKnownFileType = sourcecode.c.objc; path = UIHelper.m; sourceTree = "<group>"; };
		04F2B1501CF42C47004B1460 /* Homepage－position.png */ = {isa = PBXFileReference; lastKnownFileType = image.png; path = "Homepage－position.png"; sourceTree = "<group>"; };
		04F2B1511CF42C47004B1460 /* Homepage－position@2x.png */ = {isa = PBXFileReference; lastKnownFileType = image.png; path = "Homepage－position@2x.png"; sourceTree = "<group>"; };
		04F2B1521CF42C47004B1460 /* Homepage－position@3x.png */ = {isa = PBXFileReference; lastKnownFileType = image.png; path = "Homepage－position@3x.png"; sourceTree = "<group>"; };
		04F2B1531CF42C47004B1460 /* Homepage－return.png */ = {isa = PBXFileReference; lastKnownFileType = image.png; path = "Homepage－return.png"; sourceTree = "<group>"; };
		04F2B1541CF42C47004B1460 /* Homepage－return@2x.png */ = {isa = PBXFileReference; lastKnownFileType = image.png; path = "Homepage－return@2x.png"; sourceTree = "<group>"; };
		04F2B1551CF42C47004B1460 /* Homepage－return@3x.png */ = {isa = PBXFileReference; lastKnownFileType = image.png; path = "Homepage－return@3x.png"; sourceTree = "<group>"; };
		04F2B1561CF42C47004B1460 /* Homepage－wman.png */ = {isa = PBXFileReference; lastKnownFileType = image.png; path = "Homepage－wman.png"; sourceTree = "<group>"; };
		04F2B1571CF42C47004B1460 /* Homepage－wman@2x.png */ = {isa = PBXFileReference; lastKnownFileType = image.png; path = "Homepage－wman@2x.png"; sourceTree = "<group>"; };
		04F2B1581CF42C47004B1460 /* Homepage－wman@3x.png */ = {isa = PBXFileReference; lastKnownFileType = image.png; path = "Homepage－wman@3x.png"; sourceTree = "<group>"; };
		04F2B1741CF45FD4004B1460 /* DataHelper.h */ = {isa = PBXFileReference; fileEncoding = 4; lastKnownFileType = sourcecode.c.h; path = DataHelper.h; sourceTree = "<group>"; };
		04F2B1751CF45FD4004B1460 /* DataHelper.m */ = {isa = PBXFileReference; fileEncoding = 4; lastKnownFileType = sourcecode.c.objc; path = DataHelper.m; sourceTree = "<group>"; };
/* End PBXFileReference section */

/* Begin PBXFrameworksBuildPhase section */
		04F2B1091CF4223B004B1460 /* Frameworks */ = {
			isa = PBXFrameworksBuildPhase;
			buildActionMask = 2147483647;
			files = (
			);
			runOnlyForDeploymentPostprocessing = 0;
		};
		04F2B1221CF4223B004B1460 /* Frameworks */ = {
			isa = PBXFrameworksBuildPhase;
			buildActionMask = 2147483647;
			files = (
			);
			runOnlyForDeploymentPostprocessing = 0;
		};
		04F2B12D1CF4223B004B1460 /* Frameworks */ = {
			isa = PBXFrameworksBuildPhase;
			buildActionMask = 2147483647;
			files = (
			);
			runOnlyForDeploymentPostprocessing = 0;
		};
/* End PBXFrameworksBuildPhase section */

/* Begin PBXGroup section */
		04B7BB2A1CF7E86300312AB0 /* QRCode */ = {
			isa = PBXGroup;
			children = (
				04B7BB301CF7EB9600312AB0 /* smallIcon.png */,
				04B7BB2B1CF7E86300312AB0 /* UIImage+QRCode.h */,
				04B7BB2C1CF7E86300312AB0 /* UIImage+QRCode.m */,
			);
			path = QRCode;
			sourceTree = "<group>";
		};
		04F2B1031CF4223B004B1460 = {
			isa = PBXGroup;
			children = (
				04F2B10E1CF4223B004B1460 /* uiDemo */,
				04F2B1281CF4223B004B1460 /* uiDemoTests */,
				04F2B1331CF4223B004B1460 /* uiDemoUITests */,
				04F2B10D1CF4223B004B1460 /* Products */,
			);
			sourceTree = "<group>";
		};
		04F2B10D1CF4223B004B1460 /* Products */ = {
			isa = PBXGroup;
			children = (
				04F2B10C1CF4223B004B1460 /* uiDemo.app */,
				04F2B1251CF4223B004B1460 /* uiDemoTests.xctest */,
				04F2B1301CF4223B004B1460 /* uiDemoUITests.xctest */,
			);
			name = Products;
			sourceTree = "<group>";
		};
		04F2B10E1CF4223B004B1460 /* uiDemo */ = {
			isa = PBXGroup;
			children = (
				04B7BB2A1CF7E86300312AB0 /* QRCode */,
				04F2B1741CF45FD4004B1460 /* DataHelper.h */,
				04F2B1751CF45FD4004B1460 /* DataHelper.m */,
				04F2B14B1CF424C3004B1460 /* UIHelper.h */,
				04F2B14C1CF424C3004B1460 /* UIHelper.m */,
				04F2B1421CF42337004B1460 /* resource */,
				04F2B1121CF4223B004B1460 /* AppDelegate.h */,
				04F2B1131CF4223B004B1460 /* AppDelegate.m */,
				04F2B1151CF4223B004B1460 /* ViewController.h */,
				04F2B1161CF4223B004B1460 /* ViewController.m */,
				04F2B1181CF4223B004B1460 /* Main.storyboard */,
				04F2B11B1CF4223B004B1460 /* Assets.xcassets */,
				04F2B11D1CF4223B004B1460 /* LaunchScreen.storyboard */,
				04F2B1201CF4223B004B1460 /* Info.plist */,
				04F2B10F1CF4223B004B1460 /* Supporting Files */,
			);
			path = uiDemo;
			sourceTree = "<group>";
		};
		04F2B10F1CF4223B004B1460 /* Supporting Files */ = {
			isa = PBXGroup;
			children = (
				04F2B1101CF4223B004B1460 /* main.m */,
			);
			name = "Supporting Files";
			sourceTree = "<group>";
		};
		04F2B1281CF4223B004B1460 /* uiDemoTests */ = {
			isa = PBXGroup;
			children = (
				04F2B1291CF4223B004B1460 /* uiDemoTests.m */,
				04F2B12B1CF4223B004B1460 /* Info.plist */,
			);
			path = uiDemoTests;
			sourceTree = "<group>";
		};
		04F2B1331CF4223B004B1460 /* uiDemoUITests */ = {
			isa = PBXGroup;
			children = (
				04F2B1341CF4223B004B1460 /* uiDemoUITests.m */,
				04F2B1361CF4223B004B1460 /* Info.plist */,
			);
			path = uiDemoUITests;
			sourceTree = "<group>";
		};
		04F2B1421CF42337004B1460 /* resource */ = {
			isa = PBXGroup;
			children = (
				04F2B1501CF42C47004B1460 /* Homepage－position.png */,
				04F2B1511CF42C47004B1460 /* Homepage－position@2x.png */,
				04F2B1521CF42C47004B1460 /* Homepage－position@3x.png */,
				04F2B1531CF42C47004B1460 /* Homepage－return.png */,
				04F2B1541CF42C47004B1460 /* Homepage－return@2x.png */,
				04F2B1551CF42C47004B1460 /* Homepage－return@3x.png */,
				04F2B1561CF42C47004B1460 /* Homepage－wman.png */,
				04F2B1571CF42C47004B1460 /* Homepage－wman@2x.png */,
				04F2B1581CF42C47004B1460 /* Homepage－wman@3x.png */,
				04F2B1471CF423E6004B1460 /* 3.png */,
				04F2B1431CF42337004B1460 /* 640X960.png */,
			);
			path = resource;
			sourceTree = "<group>";
		};
/* End PBXGroup section */

/* Begin PBXNativeTarget section */
		04F2B10B1CF4223B004B1460 /* uiDemo */ = {
			isa = PBXNativeTarget;
			buildConfigurationList = 04F2B1391CF4223B004B1460 /* Build configuration list for PBXNativeTarget "uiDemo" */;
			buildPhases = (
				04F2B1081CF4223B004B1460 /* Sources */,
				04F2B1091CF4223B004B1460 /* Frameworks */,
				04F2B10A1CF4223B004B1460 /* Resources */,
			);
			buildRules = (
			);
			dependencies = (
			);
			name = uiDemo;
			productName = uiDemo;
			productReference = 04F2B10C1CF4223B004B1460 /* uiDemo.app */;
			productType = "com.apple.product-type.application";
		};
		04F2B1241CF4223B004B1460 /* uiDemoTests */ = {
			isa = PBXNativeTarget;
			buildConfigurationList = 04F2B13C1CF4223B004B1460 /* Build configuration list for PBXNativeTarget "uiDemoTests" */;
			buildPhases = (
				04F2B1211CF4223B004B1460 /* Sources */,
				04F2B1221CF4223B004B1460 /* Frameworks */,
				04F2B1231CF4223B004B1460 /* Resources */,
			);
			buildRules = (
			);
			dependencies = (
				04F2B1271CF4223B004B1460 /* PBXTargetDependency */,
			);
			name = uiDemoTests;
			productName = uiDemoTests;
			productReference = 04F2B1251CF4223B004B1460 /* uiDemoTests.xctest */;
			productType = "com.apple.product-type.bundle.unit-test";
		};
		04F2B12F1CF4223B004B1460 /* uiDemoUITests */ = {
			isa = PBXNativeTarget;
			buildConfigurationList = 04F2B13F1CF4223B004B1460 /* Build configuration list for PBXNativeTarget "uiDemoUITests" */;
			buildPhases = (
				04F2B12C1CF4223B004B1460 /* Sources */,
				04F2B12D1CF4223B004B1460 /* Frameworks */,
				04F2B12E1CF4223B004B1460 /* Resources */,
			);
			buildRules = (
			);
			dependencies = (
				04F2B1321CF4223B004B1460 /* PBXTargetDependency */,
			);
			name = uiDemoUITests;
			productName = uiDemoUITests;
			productReference = 04F2B1301CF4223B004B1460 /* uiDemoUITests.xctest */;
			productType = "com.apple.product-type.bundle.ui-testing";
		};
/* End PBXNativeTarget section */

/* Begin PBXProject section */
		04F2B1041CF4223B004B1460 /* Project object */ = {
			isa = PBXProject;
			attributes = {
				LastUpgradeCheck = 0720;
				ORGANIZATIONNAME = mac;
				TargetAttributes = {
					04F2B10B1CF4223B004B1460 = {
						CreatedOnToolsVersion = 7.2;
					};
					04F2B1241CF4223B004B1460 = {
						CreatedOnToolsVersion = 7.2;
						TestTargetID = 04F2B10B1CF4223B004B1460;
					};
					04F2B12F1CF4223B004B1460 = {
						CreatedOnToolsVersion = 7.2;
						TestTargetID = 04F2B10B1CF4223B004B1460;
					};
				};
			};
			buildConfigurationList = 04F2B1071CF4223B004B1460 /* Build configuration list for PBXProject "uiDemo" */;
			compatibilityVersion = "Xcode 3.2";
			developmentRegion = English;
			hasScannedForEncodings = 0;
			knownRegions = (
				en,
				Base,
			);
			mainGroup = 04F2B1031CF4223B004B1460;
			productRefGroup = 04F2B10D1CF4223B004B1460 /* Products */;
			projectDirPath = "";
			projectRoot = "";
			targets = (
				04F2B10B1CF4223B004B1460 /* uiDemo */,
				04F2B1241CF4223B004B1460 /* uiDemoTests */,
				04F2B12F1CF4223B004B1460 /* uiDemoUITests */,
			);
		};
/* End PBXProject section */

/* Begin PBXResourcesBuildPhase section */
		04F2B10A1CF4223B004B1460 /* Resources */ = {
			isa = PBXResourcesBuildPhase;
			buildActionMask = 2147483647;
			files = (
				04F2B1481CF423E6004B1460 /* 3.png in Resources */,
				04F2B1621CF42C47004B1460 /* Homepage－return.png in Resources */,
				04F2B1711CF42C47004B1460 /* Homepage－wman@3x.png in Resources */,
				04F2B1651CF42C47004B1460 /* Homepage－return@2x.png in Resources */,
				04F2B11F1CF4223B004B1460 /* LaunchScreen.storyboard in Resources */,
				04F2B1591CF42C47004B1460 /* Homepage－position.png in Resources */,
				04F2B11C1CF4223B004B1460 /* Assets.xcassets in Resources */,
				04F2B15C1CF42C47004B1460 /* Homepage－position@2x.png in Resources */,
				04F2B11A1CF4223B004B1460 /* Main.storyboard in Resources */,
				04F2B16E1CF42C47004B1460 /* Homepage－wman@2x.png in Resources */,
				04B7BB311CF7EB9600312AB0 /* smallIcon.png in Resources */,
				04F2B15F1CF42C47004B1460 /* Homepage－position@3x.png in Resources */,
				04F2B1681CF42C47004B1460 /* Homepage－return@3x.png in Resources */,
				04F2B16B1CF42C47004B1460 /* Homepage－wman.png in Resources */,
				04F2B1441CF42337004B1460 /* 640X960.png in Resources */,
			);
			runOnlyForDeploymentPostprocessing = 0;
		};
		04F2B1231CF4223B004B1460 /* Resources */ = {
			isa = PBXResourcesBuildPhase;
			buildActionMask = 2147483647;
			files = (
				04F2B1451CF42337004B1460 /* 640X960.png in Resources */,
				04F2B16C1CF42C47004B1460 /* Homepage－wman.png in Resources */,
				04F2B1721CF42C47004B1460 /* Homepage－wman@3x.png in Resources */,
				04F2B1661CF42C47004B1460 /* Homepage－return@2x.png in Resources */,
				04F2B1631CF42C47004B1460 /* Homepage－return.png in Resources */,
				04F2B15D1CF42C47004B1460 /* Homepage－position@2x.png in Resources */,
				04F2B1601CF42C47004B1460 /* Homepage－position@3x.png in Resources */,
				04F2B1491CF423E6004B1460 /* 3.png in Resources */,
				04F2B16F1CF42C47004B1460 /* Homepage－wman@2x.png in Resources */,
				04F2B15A1CF42C47004B1460 /* Homepage－position.png in Resources */,
				04B7BB321CF7EB9600312AB0 /* smallIcon.png in Resources */,
				04F2B1691CF42C47004B1460 /* Homepage－return@3x.png in Resources */,
			);
			runOnlyForDeploymentPostprocessing = 0;
		};
		04F2B12E1CF4223B004B1460 /* Resources */ = {
			isa = PBXResourcesBuildPhase;
			buildActionMask = 2147483647;
			files = (
				04F2B1461CF42337004B1460 /* 640X960.png in Resources */,
				04F2B16D1CF42C47004B1460 /* Homepage－wman.png in Resources */,
				04F2B1731CF42C47004B1460 /* Homepage－wman@3x.png in Resources */,
				04F2B1671CF42C47004B1460 /* Homepage－return@2x.png in Resources */,
				04F2B1641CF42C47004B1460 /* Homepage－return.png in Resources */,
				04F2B15E1CF42C47004B1460 /* Homepage－position@2x.png in Resources */,
				04F2B1611CF42C47004B1460 /* Homepage－position@3x.png in Resources */,
				04F2B14A1CF423E6004B1460 /* 3.png in Resources */,
				04F2B1701CF42C47004B1460 /* Homepage－wman@2x.png in Resources */,
				04F2B15B1CF42C47004B1460 /* Homepage－position.png in Resources */,
				04B7BB331CF7EB9600312AB0 /* smallIcon.png in Resources */,
				04F2B16A1CF42C47004B1460 /* Homepage－return@3x.png in Resources */,
			);
			runOnlyForDeploymentPostprocessing = 0;
		};
/* End PBXResourcesBuildPhase section */

/* Begin PBXSourcesBuildPhase section */
		04F2B1081CF4223B004B1460 /* Sources */ = {
			isa = PBXSourcesBuildPhase;
			buildActionMask = 2147483647;
			files = (
				04F2B1761CF45FD4004B1460 /* DataHelper.m in Sources */,
				04F2B1171CF4223B004B1460 /* ViewController.m in Sources */,
				04F2B1141CF4223B004B1460 /* AppDelegate.m in Sources */,
				04B7BB2D1CF7E86300312AB0 /* UIImage+QRCode.m in Sources */,
				04F2B1111CF4223B004B1460 /* main.m in Sources */,
				04F2B14D1CF424C3004B1460 /* UIHelper.m in Sources */,
			);
			runOnlyForDeploymentPostprocessing = 0;
		};
		04F2B1211CF4223B004B1460 /* Sources */ = {
			isa = PBXSourcesBuildPhase;
			buildActionMask = 2147483647;
			files = (
				04F2B1771CF45FD4004B1460 /* DataHelper.m in Sources */,
				04B7BB2E1CF7E86300312AB0 /* UIImage+QRCode.m in Sources */,
				04F2B12A1CF4223B004B1460 /* uiDemoTests.m in Sources */,
				04F2B14E1CF424C3004B1460 /* UIHelper.m in Sources */,
			);
			runOnlyForDeploymentPostprocessing = 0;
		};
		04F2B12C1CF4223B004B1460 /* Sources */ = {
			isa = PBXSourcesBuildPhase;
			buildActionMask = 2147483647;
			files = (
				04F2B1781CF45FD4004B1460 /* DataHelper.m in Sources */,
				04B7BB2F1CF7E86300312AB0 /* UIImage+QRCode.m in Sources */,
				04F2B1351CF4223B004B1460 /* uiDemoUITests.m in Sources */,
				04F2B14F1CF424C3004B1460 /* UIHelper.m in Sources */,
			);
			runOnlyForDeploymentPostprocessing = 0;
		};
/* End PBXSourcesBuildPhase section */

/* Begin PBXTargetDependency section */
		04F2B1271CF4223B004B1460 /* PBXTargetDependency */ = {
			isa = PBXTargetDependency;
			target = 04F2B10B1CF4223B004B1460 /* uiDemo */;
			targetProxy = 04F2B1261CF4223B004B1460 /* PBXContainerItemProxy */;
		};
		04F2B1321CF4223B004B1460 /* PBXTargetDependency */ = {
			isa = PBXTargetDependency;
			target = 04F2B10B1CF4223B004B1460 /* uiDemo */;
			targetProxy = 04F2B1311CF4223B004B1460 /* PBXContainerItemProxy */;
		};
/* End PBXTargetDependency section */

/* Begin PBXVariantGroup section */
		04F2B1181CF4223B004B1460 /* Main.storyboard */ = {
			isa = PBXVariantGroup;
			children = (
				04F2B1191CF4223B004B1460 /* Base */,
			);
			name = Main.storyboard;
			sourceTree = "<group>";
		};
		04F2B11D1CF4223B004B1460 /* LaunchScreen.storyboard */ = {
			isa = PBXVariantGroup;
			children = (
				04F2B11E1CF4223B004B1460 /* Base */,
			);
			name = LaunchScreen.storyboard;
			sourceTree = "<group>";
		};
/* End PBXVariantGroup section */

/* Begin XCBuildConfiguration section */
		04F2B1371CF4223B004B1460 /* Debug */ = {
			isa = XCBuildConfiguration;
			buildSettings = {
				ALWAYS_SEARCH_USER_PATHS = NO;
				CLANG_CXX_LANGUAGE_STANDARD = "gnu++0x";
				CLANG_CXX_LIBRARY = "libc++";
				CLANG_ENABLE_MODULES = YES;
				CLANG_ENABLE_OBJC_ARC = YES;
				CLANG_WARN_BOOL_CONVERSION = YES;
				CLANG_WARN_CONSTANT_CONVERSION = YES;
				CLANG_WARN_DIRECT_OBJC_ISA_USAGE = YES_ERROR;
				CLANG_WARN_EMPTY_BODY = YES;
				CLANG_WARN_ENUM_CONVERSION = YES;
				CLANG_WARN_INT_CONVERSION = YES;
				CLANG_WARN_OBJC_ROOT_CLASS = YES_ERROR;
				CLANG_WARN_UNREACHABLE_CODE = YES;
				CLANG_WARN__DUPLICATE_METHOD_MATCH = YES;
				"CODE_SIGN_IDENTITY[sdk=iphoneos*]" = "iPhone Developer";
				COPY_PHASE_STRIP = NO;
				DEBUG_INFORMATION_FORMAT = dwarf;
				ENABLE_STRICT_OBJC_MSGSEND = YES;
				ENABLE_TESTABILITY = YES;
				GCC_C_LANGUAGE_STANDARD = gnu99;
				GCC_DYNAMIC_NO_PIC = NO;
				GCC_NO_COMMON_BLOCKS = YES;
				GCC_OPTIMIZATION_LEVEL = 0;
				GCC_PREPROCESSOR_DEFINITIONS = (
					"DEBUG=1",
					"$(inherited)",
				);
				GCC_WARN_64_TO_32_BIT_CONVERSION = YES;
				GCC_WARN_ABOUT_RETURN_TYPE = YES_ERROR;
				GCC_WARN_UNDECLARED_SELECTOR = YES;
				GCC_WARN_UNINITIALIZED_AUTOS = YES_AGGRESSIVE;
				GCC_WARN_UNUSED_FUNCTION = YES;
				GCC_WARN_UNUSED_VARIABLE = YES;
				IPHONEOS_DEPLOYMENT_TARGET = 9.2;
				MTL_ENABLE_DEBUG_INFO = YES;
				ONLY_ACTIVE_ARCH = YES;
				SDKROOT = iphoneos;
			};
			name = Debug;
		};
		04F2B1381CF4223B004B1460 /* Release */ = {
			isa = XCBuildConfiguration;
			buildSettings = {
				ALWAYS_SEARCH_USER_PATHS = NO;
				CLANG_CXX_LANGUAGE_STANDARD = "gnu++0x";
				CLANG_CXX_LIBRARY = "libc++";
				CLANG_ENABLE_MODULES = YES;
				CLANG_ENABLE_OBJC_ARC = YES;
				CLANG_WARN_BOOL_CONVERSION = YES;
				CLANG_WARN_CONSTANT_CONVERSION = YES;
				CLANG_WARN_DIRECT_OBJC_ISA_USAGE = YES_ERROR;
				CLANG_WARN_EMPTY_BODY = YES;
				CLANG_WARN_ENUM_CONVERSION = YES;
				CLANG_WARN_INT_CONVERSION = YES;
				CLANG_WARN_OBJC_ROOT_CLASS = YES_ERROR;
				CLANG_WARN_UNREACHABLE_CODE = YES;
				CLANG_WARN__DUPLICATE_METHOD_MATCH = YES;
				"CODE_SIGN_IDENTITY[sdk=iphoneos*]" = "iPhone Developer";
				COPY_PHASE_STRIP = NO;
				DEBUG_INFORMATION_FORMAT = "dwarf-with-dsym";
				ENABLE_NS_ASSERTIONS = NO;
				ENABLE_STRICT_OBJC_MSGSEND = YES;
				GCC_C_LANGUAGE_STANDARD = gnu99;
				GCC_NO_COMMON_BLOCKS = YES;
				GCC_WARN_64_TO_32_BIT_CONVERSION = YES;
				GCC_WARN_ABOUT_RETURN_TYPE = YES_ERROR;
				GCC_WARN_UNDECLARED_SELECTOR = YES;
				GCC_WARN_UNINITIALIZED_AUTOS = YES_AGGRESSIVE;
				GCC_WARN_UNUSED_FUNCTION = YES;
				GCC_WARN_UNUSED_VARIABLE = YES;
				IPHONEOS_DEPLOYMENT_TARGET = 9.2;
				MTL_ENABLE_DEBUG_INFO = NO;
				SDKROOT = iphoneos;
				VALIDATE_PRODUCT = YES;
			};
			name = Release;
		};
		04F2B13A1CF4223B004B1460 /* Debug */ = {
			isa = XCBuildConfiguration;
			buildSettings = {
				ASSETCATALOG_COMPILER_APPICON_NAME = AppIcon;
				INFOPLIST_FILE = uiDemo/Info.plist;
				LD_RUNPATH_SEARCH_PATHS = "$(inherited) @executable_path/Frameworks";
				PRODUCT_BUNDLE_IDENTIFIER = com.visalar.uiDemo;
				PRODUCT_NAME = "$(TARGET_NAME)";
			};
			name = Debug;
		};
		04F2B13B1CF4223B004B1460 /* Release */ = {
			isa = XCBuildConfiguration;
			buildSettings = {
				ASSETCATALOG_COMPILER_APPICON_NAME = AppIcon;
				INFOPLIST_FILE = uiDemo/Info.plist;
				LD_RUNPATH_SEARCH_PATHS = "$(inherited) @executable_path/Frameworks";
				PRODUCT_BUNDLE_IDENTIFIER = com.visalar.uiDemo;
				PRODUCT_NAME = "$(TARGET_NAME)";
			};
			name = Release;
		};
		04F2B13D1CF4223B004B1460 /* Debug */ = {
			isa = XCBuildConfiguration;
			buildSettings = {
				BUNDLE_LOADER = "$(TEST_HOST)";
				INFOPLIST_FILE = uiDemoTests/Info.plist;
				LD_RUNPATH_SEARCH_PATHS = "$(inherited) @executable_path/Frameworks @loader_path/Frameworks";
				PRODUCT_BUNDLE_IDENTIFIER = com.visalar.uiDemoTests;
				PRODUCT_NAME = "$(TARGET_NAME)";
				TEST_HOST = "$(BUILT_PRODUCTS_DIR)/uiDemo.app/uiDemo";
			};
			name = Debug;
		};
		04F2B13E1CF4223B004B1460 /* Release */ = {
			isa = XCBuildConfiguration;
			buildSettings = {
				BUNDLE_LOADER = "$(TEST_HOST)";
				INFOPLIST_FILE = uiDemoTests/Info.plist;
				LD_RUNPATH_SEARCH_PATHS = "$(inherited) @executable_path/Frameworks @loader_path/Frameworks";
				PRODUCT_BUNDLE_IDENTIFIER = com.visalar.uiDemoTests;
				PRODUCT_NAME = "$(TARGET_NAME)";
				TEST_HOST = "$(BUILT_PRODUCTS_DIR)/uiDemo.app/uiDemo";
			};
			name = Release;
		};
		04F2B1401CF4223B004B1460 /* Debug */ = {
			isa = XCBuildConfiguration;
			buildSettings = {
				INFOPLIST_FILE = uiDemoUITests/Info.plist;
				LD_RUNPATH_SEARCH_PATHS = "$(inherited) @executable_path/Frameworks @loader_path/Frameworks";
				PRODUCT_BUNDLE_IDENTIFIER = com.visalar.uiDemoUITests;
				PRODUCT_NAME = "$(TARGET_NAME)";
				TEST_TARGET_NAME = uiDemo;
				USES_XCTRUNNER = YES;
			};
			name = Debug;
		};
		04F2B1411CF4223B004B1460 /* Release */ = {
			isa = XCBuildConfiguration;
			buildSettings = {
				INFOPLIST_FILE = uiDemoUITests/Info.plist;
				LD_RUNPATH_SEARCH_PATHS = "$(inherited) @executable_path/Frameworks @loader_path/Frameworks";
				PRODUCT_BUNDLE_IDENTIFIER = com.visalar.uiDemoUITests;
				PRODUCT_NAME = "$(TARGET_NAME)";
				TEST_TARGET_NAME = uiDemo;
				USES_XCTRUNNER = YES;
			};
			name = Release;
		};
/* End XCBuildConfiguration section */

/* Begin XCConfigurationList section */
		04F2B1071CF4223B004B1460 /* Build configuration list for PBXProject "uiDemo" */ = {
			isa = XCConfigurationList;
			buildConfigurations = (
				04F2B1371CF4223B004B1460 /* Debug */,
				04F2B1381CF4223B004B1460 /* Release */,
			);
			defaultConfigurationIsVisible = 0;
			defaultConfigurationName = Release;
		};
		04F2B1391CF4223B004B1460 /* Build configuration list for PBXNativeTarget "uiDemo" */ = {
			isa = XCConfigurationList;
			buildConfigurations = (
				04F2B13A1CF4223B004B1460 /* Debug */,
				04F2B13B1CF4223B004B1460 /* Release */,
			);
			defaultConfigurationIsVisible = 0;
			defaultConfigurationName = Release;
		};
		04F2B13C1CF4223B004B1460 /* Build configuration list for PBXNativeTarget "uiDemoTests" */ = {
			isa = XCConfigurationList;
			buildConfigurations = (
				04F2B13D1CF4223B004B1460 /* Debug */,
				04F2B13E1CF4223B004B1460 /* Release */,
			);
			defaultConfigurationIsVisible = 0;
			defaultConfigurationName = Release;
		};
		04F2B13F1CF4223B004B1460 /* Build configuration list for PBXNativeTarget "uiDemoUITests" */ = {
			isa = XCConfigurationList;
			buildConfigurations = (
				04F2B1401CF4223B004B1460 /* Debug */,
				04F2B1411CF4223B004B1460 /* Release */,
			);
			defaultConfigurationIsVisible = 0;
			defaultConfigurationName = Release;
		};
/* End XCConfigurationList section */
	};
	rootObject = 04F2B1041CF4223B004B1460 /* Project object */;
}
